
Microsoft Visual Studio Solution File, Format Version 12.00
# Visual Studio Version 16
VisualStudioVersion = 16.0.31624.102
MinimumVisualStudioVersion = 10.0.40219.1
Project("{FAE04EC0-301F-11D3-BF4B-00C04F79EFBC}") = "AppImportaciones", "AppImportaciones\AppImportaciones.csproj", "{6B1E4040-CA28-47EA-8D17-669442A97CF5}"
EndProject
Global
	GlobalSection(SolutionConfigurationPlatforms) = preSolution
		Debug|Any CPU = Debug|Any CPU
		Release|Any CPU = Release|Any CPU
	EndGlobalSection
	GlobalSection(ProjectConfigurationPlatforms) = postSolution
		{6B1E4040-CA28-47EA-8D17-669442A97CF5}.Debug|Any CPU.ActiveCfg = Debug|Any CPU
		{6B1E4040-CA28-47EA-8D17-669442A97CF5}.Debug|Any CPU.Build.0 = Debug|Any CPU
		{6B1E4040-CA28-47EA-8D17-669442A97CF5}.Release|Any CPU.ActiveCfg = Release|Any CPU
		{6B1E4040-CA28-47EA-8D17-669442A97CF5}.Release|Any CPU.Build.0 = Release|Any CPU
	EndGlobalSection
	GlobalSection(SolutionProperties) = preSolution
		HideSolutionNode = FALSE
	EndGlobalSection
	GlobalSection(ExtensibilityGlobals) = postSolution
		SolutionGuid = {0DBC214C-220F-42A7-9A19-53EFBE143CDA}
	EndGlobalSection
EndGlobal
